Microsoft Visual Studio Solution File, Format Version 12.00
# Visual Studio Version 17
VisualStudioVersion = 17.5.2.0
MinimumVisualStudioVersion = 10.0.40219.1
Project("{FAE04EC0-301F-11D3-BF4B-00C04F79EFBC}") = "Odev27_Constructor_Employee", "Odev27_Constructor_Employee.csproj", "{CAE0B095-32BC-F20A-1D40-F2A3C745C3C3}"
EndProject
Global
	GlobalSection(SolutionConfigurationPlatforms) = preSolution
		Debug|Any CPU = Debug|Any CPU
		Release|Any CPU = Release|Any CPU
	EndGlobalSection
	GlobalSection(ProjectConfigurationPlatforms) = postSolution
		{CAE0B095-32BC-F20A-1D40-F2A3C745C3C3}.Debug|Any CPU.ActiveCfg = Debug|Any CPU
		{CAE0B095-32BC-F20A-1D40-F2A3C745C3C3}.Debug|Any CPU.Build.0 = Debug|Any CPU
		{CAE0B095-32BC-F20A-1D40-F2A3C745C3C3}.Release|Any CPU.ActiveCfg = Release|Any CPU
		{CAE0B095-32BC-F20A-1D40-F2A3C745C3C3}.Release|Any CPU.Build.0 = Release|Any CPU
	EndGlobalSection
	GlobalSection(SolutionProperties) = preSolution
		HideSolutionNode = FALSE
	EndGlobalSection
	GlobalSection(ExtensibilityGlobals) = postSolution
		SolutionGuid = {DDA7E194-A064-4A96-A05B-96BDE3428A8D}
	EndGlobalSection
EndGlobal
