Microsoft Visual Studio Solution File, Format Version 12.00
# Visual Studio Version 17
VisualStudioVersion = 17.5.2.0
MinimumVisualStudioVersion = 10.0.40219.1
Project("{FAE04EC0-301F-11D3-BF4B-00C04F79EFBC}") = "Odev29_Constructor_Laptop", "Odev29_Constructor_Laptop.csproj", "{28033B35-983E-320D-6EF3-D75AC643611F}"
EndProject
Global
	GlobalSection(SolutionConfigurationPlatforms) = preSolution
		Debug|Any CPU = Debug|Any CPU
		Release|Any CPU = Release|Any CPU
	EndGlobalSection
	GlobalSection(ProjectConfigurationPlatforms) = postSolution
		{28033B35-983E-320D-6EF3-D75AC643611F}.Debug|Any CPU.ActiveCfg = Debug|Any CPU
		{28033B35-983E-320D-6EF3-D75AC643611F}.Debug|Any CPU.Build.0 = Debug|Any CPU
		{28033B35-983E-320D-6EF3-D75AC643611F}.Release|Any CPU.ActiveCfg = Release|Any CPU
		{28033B35-983E-320D-6EF3-D75AC643611F}.Release|Any CPU.Build.0 = Release|Any CPU
	EndGlobalSection
	GlobalSection(SolutionProperties) = preSolution
		HideSolutionNode = FALSE
	EndGlobalSection
	GlobalSection(ExtensibilityGlobals) = postSolution
		SolutionGuid = {171EDABB-3F9D-461C-8092-24021017AB50}
	EndGlobalSection
EndGlobal
