Microsoft Visual Studio Solution File, Format Version 12.00
# Visual Studio Version 17
VisualStudioVersion = 17.5.2.0
MinimumVisualStudioVersion = 10.0.40219.1
Project("{FAE04EC0-301F-11D3-BF4B-00C04F79EFBC}") = "Odev25_Constructor_Student", "Odev25_Constructor_Student.csproj", "{7BC75C13-9BC8-78EF-C046-3EBEC9EC83D2}"
EndProject
Global
	GlobalSection(SolutionConfigurationPlatforms) = preSolution
		Debug|Any CPU = Debug|Any CPU
		Release|Any CPU = Release|Any CPU
	EndGlobalSection
	GlobalSection(ProjectConfigurationPlatforms) = postSolution
		{7BC75C13-9BC8-78EF-C046-3EBEC9EC83D2}.Debug|Any CPU.ActiveCfg = Debug|Any CPU
		{7BC75C13-9BC8-78EF-C046-3EBEC9EC83D2}.Debug|Any CPU.Build.0 = Debug|Any CPU
		{7BC75C13-9BC8-78EF-C046-3EBEC9EC83D2}.Release|Any CPU.ActiveCfg = Release|Any CPU
		{7BC75C13-9BC8-78EF-C046-3EBEC9EC83D2}.Release|Any CPU.Build.0 = Release|Any CPU
	EndGlobalSection
	GlobalSection(SolutionProperties) = preSolution
		HideSolutionNode = FALSE
	EndGlobalSection
	GlobalSection(ExtensibilityGlobals) = postSolution
		SolutionGuid = {D6219B18-98AD-41E9-A7D4-5F685C0152EF}
	EndGlobalSection
EndGlobal
