Microsoft Visual Studio Solution File, Format Version 12.00
# Visual Studio Version 17
VisualStudioVersion = 17.5.2.0
MinimumVisualStudioVersion = 10.0.40219.1
Project("{FAE04EC0-301F-11D3-BF4B-00C04F79EFBC}") = "Odev21_Constructor_BankAccount", "Odev21_Constructor_BankAccount.csproj", "{C76742F4-9A7A-73AF-B232-2DB1F653AE20}"
EndProject
Global
	GlobalSection(SolutionConfigurationPlatforms) = preSolution
		Debug|Any CPU = Debug|Any CPU
		Release|Any CPU = Release|Any CPU
	EndGlobalSection
	GlobalSection(ProjectConfigurationPlatforms) = postSolution
		{C76742F4-9A7A-73AF-B232-2DB1F653AE20}.Debug|Any CPU.ActiveCfg = Debug|Any CPU
		{C76742F4-9A7A-73AF-B232-2DB1F653AE20}.Debug|Any CPU.Build.0 = Debug|Any CPU
		{C76742F4-9A7A-73AF-B232-2DB1F653AE20}.Release|Any CPU.ActiveCfg = Release|Any CPU
		{C76742F4-9A7A-73AF-B232-2DB1F653AE20}.Release|Any CPU.Build.0 = Release|Any CPU
	EndGlobalSection
	GlobalSection(SolutionProperties) = preSolution
		HideSolutionNode = FALSE
	EndGlobalSection
	GlobalSection(ExtensibilityGlobals) = postSolution
		SolutionGuid = {CB9ED2DD-AB46-47FC-A5A2-8D3D12B92780}
	EndGlobalSection
EndGlobal
