Microsoft Visual Studio Solution File, Format Version 12.00
# Visual Studio Version 17
VisualStudioVersion = 17.5.2.0
MinimumVisualStudioVersion = 10.0.40219.1
Project("{FAE04EC0-301F-11D3-BF4B-00C04F79EFBC}") = "Odev23_Constructor_Category", "Odev23_Constructor_Category.csproj", "{30D0BE6F-986B-74E0-9879-ADA276AC807A}"
EndProject
Global
	GlobalSection(SolutionConfigurationPlatforms) = preSolution
		Debug|Any CPU = Debug|Any CPU
		Release|Any CPU = Release|Any CPU
	EndGlobalSection
	GlobalSection(ProjectConfigurationPlatforms) = postSolution
		{30D0BE6F-986B-74E0-9879-ADA276AC807A}.Debug|Any CPU.ActiveCfg = Debug|Any CPU
		{30D0BE6F-986B-74E0-9879-ADA276AC807A}.Debug|Any CPU.Build.0 = Debug|Any CPU
		{30D0BE6F-986B-74E0-9879-ADA276AC807A}.Release|Any CPU.ActiveCfg = Release|Any CPU
		{30D0BE6F-986B-74E0-9879-ADA276AC807A}.Release|Any CPU.Build.0 = Release|Any CPU
	EndGlobalSection
	GlobalSection(SolutionProperties) = preSolution
		HideSolutionNode = FALSE
	EndGlobalSection
	GlobalSection(ExtensibilityGlobals) = postSolution
		SolutionGuid = {0566DC3B-7748-40C2-AFE6-05B367B7DC69}
	EndGlobalSection
EndGlobal
