Microsoft Visual Studio Solution File, Format Version 12.00
# Visual Studio Version 17
VisualStudioVersion = 17.5.2.0
MinimumVisualStudioVersion = 10.0.40219.1
Project("{FAE04EC0-301F-11D3-BF4B-00C04F79EFBC}") = "Odev12_Employee", "Odev12_Employee.csproj", "{51659CB2-372D-F158-DB57-64DE647902F5}"
EndProject
Global
	GlobalSection(SolutionConfigurationPlatforms) = preSolution
		Debug|Any CPU = Debug|Any CPU
		Release|Any CPU = Release|Any CPU
	EndGlobalSection
	GlobalSection(ProjectConfigurationPlatforms) = postSolution
		{51659CB2-372D-F158-DB57-64DE647902F5}.Debug|Any CPU.ActiveCfg = Debug|Any CPU
		{51659CB2-372D-F158-DB57-64DE647902F5}.Debug|Any CPU.Build.0 = Debug|Any CPU
		{51659CB2-372D-F158-DB57-64DE647902F5}.Release|Any CPU.ActiveCfg = Release|Any CPU
		{51659CB2-372D-F158-DB57-64DE647902F5}.Release|Any CPU.Build.0 = Release|Any CPU
	EndGlobalSection
	GlobalSection(SolutionProperties) = preSolution
		HideSolutionNode = FALSE
	EndGlobalSection
	GlobalSection(ExtensibilityGlobals) = postSolution
		SolutionGuid = {A118018B-B06F-48E0-A3AE-5277B4B00F4A}
	EndGlobalSection
EndGlobal
