Microsoft Visual Studio Solution File, Format Version 12.00
# Visual Studio Version 17
VisualStudioVersion = 17.5.2.0
MinimumVisualStudioVersion = 10.0.40219.1
Project("{FAE04EC0-301F-11D3-BF4B-00C04F79EFBC}") = "Odev35_Constructor_Lesson", "Odev35_Constructor_Lesson.csproj", "{BF718FA9-1D9D-00E6-52E6-71F0BAA3914F}"
EndProject
Global
	GlobalSection(SolutionConfigurationPlatforms) = preSolution
		Debug|Any CPU = Debug|Any CPU
		Release|Any CPU = Release|Any CPU
	EndGlobalSection
	GlobalSection(ProjectConfigurationPlatforms) = postSolution
		{BF718FA9-1D9D-00E6-52E6-71F0BAA3914F}.Debug|Any CPU.ActiveCfg = Debug|Any CPU
		{BF718FA9-1D9D-00E6-52E6-71F0BAA3914F}.Debug|Any CPU.Build.0 = Debug|Any CPU
		{BF718FA9-1D9D-00E6-52E6-71F0BAA3914F}.Release|Any CPU.ActiveCfg = Release|Any CPU
		{BF718FA9-1D9D-00E6-52E6-71F0BAA3914F}.Release|Any CPU.Build.0 = Release|Any CPU
	EndGlobalSection
	GlobalSection(SolutionProperties) = preSolution
		HideSolutionNode = FALSE
	EndGlobalSection
	GlobalSection(ExtensibilityGlobals) = postSolution
		SolutionGuid = {7F72A105-D036-4657-B6B1-451C7CFBB452}
	EndGlobalSection
EndGlobal
