Microsoft Visual Studio Solution File, Format Version 12.00
# Visual Studio Version 17
VisualStudioVersion = 17.5.2.0
MinimumVisualStudioVersion = 10.0.40219.1
Project("{FAE04EC0-301F-11D3-BF4B-00C04F79EFBC}") = "01_MiniBankApp", "01_MiniBankApp.csproj", "{5930C905-AA88-80DC-02E1-C0B38F699C8B}"
EndProject
Global
	GlobalSection(SolutionConfigurationPlatforms) = preSolution
		Debug|Any CPU = Debug|Any CPU
		Release|Any CPU = Release|Any CPU
	EndGlobalSection
	GlobalSection(ProjectConfigurationPlatforms) = postSolution
		{5930C905-AA88-80DC-02E1-C0B38F699C8B}.Debug|Any CPU.ActiveCfg = Debug|Any CPU
		{5930C905-AA88-80DC-02E1-C0B38F699C8B}.Debug|Any CPU.Build.0 = Debug|Any CPU
		{5930C905-AA88-80DC-02E1-C0B38F699C8B}.Release|Any CPU.ActiveCfg = Release|Any CPU
		{5930C905-AA88-80DC-02E1-C0B38F699C8B}.Release|Any CPU.Build.0 = Release|Any CPU
	EndGlobalSection
	GlobalSection(SolutionProperties) = preSolution
		HideSolutionNode = FALSE
	EndGlobalSection
	GlobalSection(ExtensibilityGlobals) = postSolution
		SolutionGuid = {9389C5DD-7B0C-40C6-A419-A5D3AC6837DE}
	EndGlobalSection
EndGlobal
