Microsoft Visual Studio Solution File, Format Version 12.00
# Visual Studio Version 17
VisualStudioVersion = 17.5.2.0
MinimumVisualStudioVersion = 10.0.40219.1
Project("{FAE04EC0-301F-11D3-BF4B-00C04F79EFBC}") = "Odev30_Constructor_Movie", "Odev30_Constructor_Movie.csproj", "{AD903485-A183-7E57-59CD-36FEB71660E9}"
EndProject
Global
	GlobalSection(SolutionConfigurationPlatforms) = preSolution
		Debug|Any CPU = Debug|Any CPU
		Release|Any CPU = Release|Any CPU
	EndGlobalSection
	GlobalSection(ProjectConfigurationPlatforms) = postSolution
		{AD903485-A183-7E57-59CD-36FEB71660E9}.Debug|Any CPU.ActiveCfg = Debug|Any CPU
		{AD903485-A183-7E57-59CD-36FEB71660E9}.Debug|Any CPU.Build.0 = Debug|Any CPU
		{AD903485-A183-7E57-59CD-36FEB71660E9}.Release|Any CPU.ActiveCfg = Release|Any CPU
		{AD903485-A183-7E57-59CD-36FEB71660E9}.Release|Any CPU.Build.0 = Release|Any CPU
	EndGlobalSection
	GlobalSection(SolutionProperties) = preSolution
		HideSolutionNode = FALSE
	EndGlobalSection
	GlobalSection(ExtensibilityGlobals) = postSolution
		SolutionGuid = {12C24F6D-EFA5-4603-9AB5-280F2A1C693E}
	EndGlobalSection
EndGlobal
