Microsoft Visual Studio Solution File, Format Version 12.00
# Visual Studio Version 17
VisualStudioVersion = 17.5.2.0
MinimumVisualStudioVersion = 10.0.40219.1
Project("{FAE04EC0-301F-11D3-BF4B-00C04F79EFBC}") = "Odev38_Constructor_TaskItem", "Odev38_Constructor_TaskItem.csproj", "{441936B0-659F-94F3-C5DA-EF1B5CC1A63E}"
EndProject
Global
	GlobalSection(SolutionConfigurationPlatforms) = preSolution
		Debug|Any CPU = Debug|Any CPU
		Release|Any CPU = Release|Any CPU
	EndGlobalSection
	GlobalSection(ProjectConfigurationPlatforms) = postSolution
		{441936B0-659F-94F3-C5DA-EF1B5CC1A63E}.Debug|Any CPU.ActiveCfg = Debug|Any CPU
		{441936B0-659F-94F3-C5DA-EF1B5CC1A63E}.Debug|Any CPU.Build.0 = Debug|Any CPU
		{441936B0-659F-94F3-C5DA-EF1B5CC1A63E}.Release|Any CPU.ActiveCfg = Release|Any CPU
		{441936B0-659F-94F3-C5DA-EF1B5CC1A63E}.Release|Any CPU.Build.0 = Release|Any CPU
	EndGlobalSection
	GlobalSection(SolutionProperties) = preSolution
		HideSolutionNode = FALSE
	EndGlobalSection
	GlobalSection(ExtensibilityGlobals) = postSolution
		SolutionGuid = {D00DADAB-EE4C-4C1D-8FC2-D3527A0A167C}
	EndGlobalSection
EndGlobal
