Microsoft Visual Studio Solution File, Format Version 12.00
# Visual Studio Version 17
VisualStudioVersion = 17.5.2.0
MinimumVisualStudioVersion = 10.0.40219.1
Project("{FAE04EC0-301F-11D3-BF4B-00C04F79EFBC}") = "Odev22_Constructor_Product", "Odev22_Constructor_Product.csproj", "{D78A7C71-86DB-891E-576F-1CC267EB9549}"
EndProject
Global
	GlobalSection(SolutionConfigurationPlatforms) = preSolution
		Debug|Any CPU = Debug|Any CPU
		Release|Any CPU = Release|Any CPU
	EndGlobalSection
	GlobalSection(ProjectConfigurationPlatforms) = postSolution
		{D78A7C71-86DB-891E-576F-1CC267EB9549}.Debug|Any CPU.ActiveCfg = Debug|Any CPU
		{D78A7C71-86DB-891E-576F-1CC267EB9549}.Debug|Any CPU.Build.0 = Debug|Any CPU
		{D78A7C71-86DB-891E-576F-1CC267EB9549}.Release|Any CPU.ActiveCfg = Release|Any CPU
		{D78A7C71-86DB-891E-576F-1CC267EB9549}.Release|Any CPU.Build.0 = Release|Any CPU
	EndGlobalSection
	GlobalSection(SolutionProperties) = preSolution
		HideSolutionNode = FALSE
	EndGlobalSection
	GlobalSection(ExtensibilityGlobals) = postSolution
		SolutionGuid = {A5DB32C0-059E-45DD-BBCD-D9B3A5FEB2FC}
	EndGlobalSection
EndGlobal
