Microsoft Visual Studio Solution File, Format Version 12.00
# Visual Studio Version 17
VisualStudioVersion = 17.5.2.0
MinimumVisualStudioVersion = 10.0.40219.1
Project("{FAE04EC0-301F-11D3-BF4B-00C04F79EFBC}") = "Odev26_Constructor_StudentNumber", "Odev26_Constructor_StudentNumber.csproj", "{31861ED8-0006-ECD4-8EA1-20F9AC9B29F8}"
EndProject
Global
	GlobalSection(SolutionConfigurationPlatforms) = preSolution
		Debug|Any CPU = Debug|Any CPU
		Release|Any CPU = Release|Any CPU
	EndGlobalSection
	GlobalSection(ProjectConfigurationPlatforms) = postSolution
		{31861ED8-0006-ECD4-8EA1-20F9AC9B29F8}.Debug|Any CPU.ActiveCfg = Debug|Any CPU
		{31861ED8-0006-ECD4-8EA1-20F9AC9B29F8}.Debug|Any CPU.Build.0 = Debug|Any CPU
		{31861ED8-0006-ECD4-8EA1-20F9AC9B29F8}.Release|Any CPU.ActiveCfg = Release|Any CPU
		{31861ED8-0006-ECD4-8EA1-20F9AC9B29F8}.Release|Any CPU.Build.0 = Release|Any CPU
	EndGlobalSection
	GlobalSection(SolutionProperties) = preSolution
		HideSolutionNode = FALSE
	EndGlobalSection
	GlobalSection(ExtensibilityGlobals) = postSolution
		SolutionGuid = {E9CB8506-164A-427A-8E95-C9051C46AF56}
	EndGlobalSection
EndGlobal
