Microsoft Visual Studio Solution File, Format Version 12.00
# Visual Studio Version 17
VisualStudioVersion = 17.5.2.0
MinimumVisualStudioVersion = 10.0.40219.1
Project("{FAE04EC0-301F-11D3-BF4B-00C04F79EFBC}") = "Odev01_LibraryBook", "Odev01_LibraryBook.csproj", "{24544F37-5307-9559-DE56-A32CDCCB8B26}"
EndProject
Global
	GlobalSection(SolutionConfigurationPlatforms) = preSolution
		Debug|Any CPU = Debug|Any CPU
		Release|Any CPU = Release|Any CPU
	EndGlobalSection
	GlobalSection(ProjectConfigurationPlatforms) = postSolution
		{24544F37-5307-9559-DE56-A32CDCCB8B26}.Debug|Any CPU.ActiveCfg = Debug|Any CPU
		{24544F37-5307-9559-DE56-A32CDCCB8B26}.Debug|Any CPU.Build.0 = Debug|Any CPU
		{24544F37-5307-9559-DE56-A32CDCCB8B26}.Release|Any CPU.ActiveCfg = Release|Any CPU
		{24544F37-5307-9559-DE56-A32CDCCB8B26}.Release|Any CPU.Build.0 = Release|Any CPU
	EndGlobalSection
	GlobalSection(SolutionProperties) = preSolution
		HideSolutionNode = FALSE
	EndGlobalSection
	GlobalSection(ExtensibilityGlobals) = postSolution
		SolutionGuid = {F2DFFF75-12EB-4936-9088-ABFC58042A43}
	EndGlobalSection
EndGlobal
