Microsoft Visual Studio Solution File, Format Version 12.00
# Visual Studio Version 17
VisualStudioVersion = 17.5.2.0
MinimumVisualStudioVersion = 10.0.40219.1
Project("{FAE04EC0-301F-11D3-BF4B-00C04F79EFBC}") = "Odev34_Constructor_Invoice", "Odev34_Constructor_Invoice.csproj", "{A396D3FA-0C37-FCF3-F147-A2EB0DC8834F}"
EndProject
Global
	GlobalSection(SolutionConfigurationPlatforms) = preSolution
		Debug|Any CPU = Debug|Any CPU
		Release|Any CPU = Release|Any CPU
	EndGlobalSection
	GlobalSection(ProjectConfigurationPlatforms) = postSolution
		{A396D3FA-0C37-FCF3-F147-A2EB0DC8834F}.Debug|Any CPU.ActiveCfg = Debug|Any CPU
		{A396D3FA-0C37-FCF3-F147-A2EB0DC8834F}.Debug|Any CPU.Build.0 = Debug|Any CPU
		{A396D3FA-0C37-FCF3-F147-A2EB0DC8834F}.Release|Any CPU.ActiveCfg = Release|Any CPU
		{A396D3FA-0C37-FCF3-F147-A2EB0DC8834F}.Release|Any CPU.Build.0 = Release|Any CPU
	EndGlobalSection
	GlobalSection(SolutionProperties) = preSolution
		HideSolutionNode = FALSE
	EndGlobalSection
	GlobalSection(ExtensibilityGlobals) = postSolution
		SolutionGuid = {9925B9B6-3A0C-4388-9E2B-2F8552D94BFD}
	EndGlobalSection
EndGlobal
