Microsoft Visual Studio Solution File, Format Version 12.00
# Visual Studio Version 17
VisualStudioVersion = 17.5.2.0
MinimumVisualStudioVersion = 10.0.40219.1
Project("{FAE04EC0-301F-11D3-BF4B-00C04F79EFBC}") = "Odev09_EmailDraft", "Odev09_EmailDraft.csproj", "{BDC9F9AB-FA39-B03D-6C8E-EB79ABD08A20}"
EndProject
Global
	GlobalSection(SolutionConfigurationPlatforms) = preSolution
		Debug|Any CPU = Debug|Any CPU
		Release|Any CPU = Release|Any CPU
	EndGlobalSection
	GlobalSection(ProjectConfigurationPlatforms) = postSolution
		{BDC9F9AB-FA39-B03D-6C8E-EB79ABD08A20}.Debug|Any CPU.ActiveCfg = Debug|Any CPU
		{BDC9F9AB-FA39-B03D-6C8E-EB79ABD08A20}.Debug|Any CPU.Build.0 = Debug|Any CPU
		{BDC9F9AB-FA39-B03D-6C8E-EB79ABD08A20}.Release|Any CPU.ActiveCfg = Release|Any CPU
		{BDC9F9AB-FA39-B03D-6C8E-EB79ABD08A20}.Release|Any CPU.Build.0 = Release|Any CPU
	EndGlobalSection
	GlobalSection(SolutionProperties) = preSolution
		HideSolutionNode = FALSE
	EndGlobalSection
	GlobalSection(ExtensibilityGlobals) = postSolution
		SolutionGuid = {F45EFDE4-5429-402C-84E8-2B9C7BE29A4C}
	EndGlobalSection
EndGlobal
